
Microsoft Visual Studio Solution File, Format Version 12.00
# Visual Studio Version 17
VisualStudioVersion = 17.14.36511.14
MinimumVisualStudioVersion = 10.0.40219.1
Project("{FAE04EC0-301F-11D3-BF4B-00C04F79EFBC}") = "TwoDimensionalArrayTrace", "TwoDimensionalArrayTrace\TwoDimensionalArrayTrace.csproj", "{5C28F996-E17F-4C72-9CC1-A1F6347A7327}"
EndProject
Project("{FAE04EC0-301F-11D3-BF4B-00C04F79EFBC}") = "TwoDimensionalArrayTrace.Tests", "TwoDimensionalArrayTrace.Tests\TwoDimensionalArrayTrace.Tests.csproj", "{9C539B07-C051-485C-96BF-552E717A7E11}"
EndProject
Global
	GlobalSection(SolutionConfigurationPlatforms) = preSolution
		Debug|Any CPU = Debug|Any CPU
		Release|Any CPU = Release|Any CPU
	EndGlobalSection
	GlobalSection(ProjectConfigurationPlatforms) = postSolution
		{5C28F996-E17F-4C72-9CC1-A1F6347A7327}.Debug|Any CPU.ActiveCfg = Debug|Any CPU
		{5C28F996-E17F-4C72-9CC1-A1F6347A7327}.Debug|Any CPU.Build.0 = Debug|Any CPU
		{5C28F996-E17F-4C72-9CC1-A1F6347A7327}.Release|Any CPU.ActiveCfg = Release|Any CPU
		{5C28F996-E17F-4C72-9CC1-A1F6347A7327}.Release|Any CPU.Build.0 = Release|Any CPU
		{9C539B07-C051-485C-96BF-552E717A7E11}.Debug|Any CPU.ActiveCfg = Debug|Any CPU
		{9C539B07-C051-485C-96BF-552E717A7E11}.Debug|Any CPU.Build.0 = Debug|Any CPU
		{9C539B07-C051-485C-96BF-552E717A7E11}.Release|Any CPU.ActiveCfg = Release|Any CPU
		{9C539B07-C051-485C-96BF-552E717A7E11}.Release|Any CPU.Build.0 = Release|Any CPU
	EndGlobalSection
	GlobalSection(SolutionProperties) = preSolution
		HideSolutionNode = FALSE
	EndGlobalSection
	GlobalSection(ExtensibilityGlobals) = postSolution
		SolutionGuid = {1227D3EB-D02D-439B-9F2F-79BBE8E9AFAD}
	EndGlobalSection
EndGlobal
